
Microsoft Visual Studio Solution File, Format Version 12.00
# Visual Studio Version 17
VisualStudioVersion = 17.2.32630.192
MinimumVisualStudioVersion = 10.0.40219.1
Project("{FAE04EC0-301F-11D3-BF4B-00C04F79EFBC}") = "KursovayaRabota", "KursovayaRabota.csproj", "{EAD545BE-17BA-4619-934E-63A5EBA95A7D}"
EndProject
Global
	GlobalSection(SolutionConfigurationPlatforms) = preSolution
		Debug|Any CPU = Debug|Any CPU
		Release|Any CPU = Release|Any CPU
	EndGlobalSection
	GlobalSection(ProjectConfigurationPlatforms) = postSolution
		{EAD545BE-17BA-4619-934E-63A5EBA95A7D}.Debug|Any CPU.ActiveCfg = Debug|Any CPU
		{EAD545BE-17BA-4619-934E-63A5EBA95A7D}.Debug|Any CPU.Build.0 = Debug|Any CPU
		{EAD545BE-17BA-4619-934E-63A5EBA95A7D}.Release|Any CPU.ActiveCfg = Release|Any CPU
		{EAD545BE-17BA-4619-934E-63A5EBA95A7D}.Release|Any CPU.Build.0 = Release|Any CPU
	EndGlobalSection
	GlobalSection(SolutionProperties) = preSolution
		HideSolutionNode = FALSE
	EndGlobalSection
	GlobalSection(ExtensibilityGlobals) = postSolution
		SolutionGuid = {A86686B3-80FF-4BD4-BA64-7FAA79A8F855}
	EndGlobalSection
EndGlobal
